
Microsoft Visual Studio Solution File, Format Version 12.00
# Visual Studio Version 17
VisualStudioVersion = 17.3.32819.101
MinimumVisualStudioVersion = 10.0.40219.1
Project("{888888A0-9F3D-457C-B088-3A5042F75D52}") = "TingimuslikopetaarorIF", "TingimuslikopetaarorIF.pyproj", "{2AD2B518-8285-41E9-AAA7-32D81E72FBB7}"
EndProject
Global
	GlobalSection(SolutionConfigurationPlatforms) = preSolution
		Debug|Any CPU = Debug|Any CPU
		Release|Any CPU = Release|Any CPU
	EndGlobalSection
	GlobalSection(ProjectConfigurationPlatforms) = postSolution
		{2AD2B518-8285-41E9-AAA7-32D81E72FBB7}.Debug|Any CPU.ActiveCfg = Debug|Any CPU
		{2AD2B518-8285-41E9-AAA7-32D81E72FBB7}.Release|Any CPU.ActiveCfg = Release|Any CPU
	EndGlobalSection
	GlobalSection(SolutionProperties) = preSolution
		HideSolutionNode = FALSE
	EndGlobalSection
	GlobalSection(ExtensibilityGlobals) = postSolution
		SolutionGuid = {96965FA4-33FE-4BDE-991C-B2E48EB387CD}
	EndGlobalSection
EndGlobal
